{
  "lockfileVersion": 1,
  "configVersion": 1,
  "workspaces": {
    "": {
      "name": "bun-react-template",
      "dependencies": {
        "@preact/signals": "^2.8.2",
        "fflate": "^0.8.2",
        "kitten-tts-webgpu": "^0.1.1",
        "lucide-preact": "^0.577.0",
        "pdfjs-dist": "^5.5.207",
        "preact": "^10.28.4",
      },
      "devDependencies": {
        "@types/bun": "latest",
        "signals-devtool-provider": "^0.5.4",
      },
    },
  },
  "packages": {
    "@napi-rs/canvas": ["@napi-rs/canvas@0.1.96", "", { "optionalDependencies": { "@napi-rs/canvas-android-arm64": "0.1.96", "@napi-rs/canvas-darwin-arm64": "0.1.96", "@napi-rs/canvas-darwin-x64": "0.1.96", "@napi-rs/canvas-linux-arm-gnueabihf": "0.1.96", "@napi-rs/canvas-linux-arm64-gnu": "0.1.96", "@napi-rs/canvas-linux-arm64-musl": "0.1.96", "@napi-rs/canvas-linux-riscv64-gnu": "0.1.96", "@napi-rs/canvas-linux-x64-gnu": "0.1.96", "@napi-rs/canvas-linux-x64-musl": "0.1.96", "@napi-rs/canvas-win32-arm64-msvc": "0.1.96", "@napi-rs/canvas-win32-x64-msvc": "0.1.96" } }, "sha512-6NNmNxvoJKeucVjxaaRUt3La2i5jShgiAbaY3G/72s1Vp3U06XPrAIxkAjBxpDcamEn/t+WJ4OOlGmvILo4/Ew=="],

    "@napi-rs/canvas-android-arm64": ["@napi-rs/canvas-android-arm64@0.1.96", "", { "os": "android", "cpu": "arm64" }, "sha512-ew1sPrN3dGdZ3L4FoohPfnjq0f9/Jk7o+wP7HkQZokcXgIUD6FIyICEWGhMYzv53j63wUcPvZeAwgewX58/egg=="],

    "@napi-rs/canvas-darwin-arm64": ["@napi-rs/canvas-darwin-arm64@0.1.96", "", { "os": "darwin", "cpu": "arm64" }, "sha512-Q/wOXZ5PzTqpdmA5eUOcegCf4Go/zz3aZ5DlzSeDpOjFmfwMKh8EzLAoweQ+mJVagcHQyzoJhaTEnrO68TNyNg=="],

    "@napi-rs/canvas-darwin-x64": ["@napi-rs/canvas-darwin-x64@0.1.96", "", { "os": "darwin", "cpu": "x64" }, "sha512-UrXiQz28tQEvGM1qvyptewOAfmUrrd5+wvi6Rzjj2VprZI8iZ2KIvBD2lTTG1bVF95AbeDeG7PJA0D9sLKaOFA=="],

    "@napi-rs/canvas-linux-arm-gnueabihf": ["@napi-rs/canvas-linux-arm-gnueabihf@0.1.96", "", { "os": "linux", "cpu": "arm" }, "sha512-I90ODxweD8aEP6XKU/NU+biso95MwCtQ2F46dUvhec1HesFi0tq/tAJkYic/1aBSiO/1kGKmSeD1B0duOHhEHQ=="],

    "@napi-rs/canvas-linux-arm64-gnu": ["@napi-rs/canvas-linux-arm64-gnu@0.1.96", "", { "os": "linux", "cpu": "arm64" }, "sha512-Dx/0+RFV++w3PcRy+4xNXkghhXjA5d0Mw1bs95emn5Llinp1vihMaA6WJt3oYv2LAHc36+gnrhIBsPhUyI2SGw=="],

    "@napi-rs/canvas-linux-arm64-musl": ["@napi-rs/canvas-linux-arm64-musl@0.1.96", "", { "os": "linux", "cpu": "arm64" }, "sha512-UvOi7fii3IE2KDfEfhh8m+LpzSRvhGK7o1eho99M2M0HTik11k3GX+2qgVx9EtujN3/bhFFS1kSO3+vPMaJ0Mg=="],

    "@napi-rs/canvas-linux-riscv64-gnu": ["@napi-rs/canvas-linux-riscv64-gnu@0.1.96", "", { "os": "linux", "cpu": "none" }, "sha512-MBSukhGCQ5nRtf9NbFYWOU080yqkZU1PbuH4o1ROvB4CbPl12fchDR35tU83Wz8gWIM9JTn99lBn9DenPIv7Ig=="],

    "@napi-rs/canvas-linux-x64-gnu": ["@napi-rs/canvas-linux-x64-gnu@0.1.96", "", { "os": "linux", "cpu": "x64" }, "sha512-I/ccu2SstyKiV3HIeVzyBIWfrJo8cN7+MSQZPnabewWV6hfJ2nY7Df2WqOHmobBRUw84uGR6zfQHsUEio/m5Vg=="],

    "@napi-rs/canvas-linux-x64-musl": ["@napi-rs/canvas-linux-x64-musl@0.1.96", "", { "os": "linux", "cpu": "x64" }, "sha512-H3uov7qnTl73GDT4h52lAqpJPsl1tIUyNPWJyhQ6gHakohNqqRq3uf80+NEpzcytKGEOENP1wX3yGwZxhjiWEQ=="],

    "@napi-rs/canvas-win32-arm64-msvc": ["@napi-rs/canvas-win32-arm64-msvc@0.1.96", "", { "os": "win32", "cpu": "arm64" }, "sha512-ATp6Y+djOjYtkfV/VRH7CZ8I1MEtkUQBmKUbuWw5zWEHHqfL0cEcInE4Cxgx7zkNAhEdBbnH8HMVrqNp+/gwxA=="],

    "@napi-rs/canvas-win32-x64-msvc": ["@napi-rs/canvas-win32-x64-msvc@0.1.96", "", { "os": "win32", "cpu": "x64" }, "sha512-UYGdTltVd+Z8mcIuoqGmAXXUvwH5CLf2M6mIB5B0/JmX5J041jETjqtSYl7gN+aj3k1by/SG6sS0hAwCqyK7zw=="],

    "@preact/signals": ["@preact/signals@2.8.2", "", { "dependencies": { "@preact/signals-core": "^1.14.0" }, "peerDependencies": { "preact": ">= 10.25.0 || >=11.0.0-0" } }, "sha512-gym5yoa64c+0w2kL7zRAAjY548qzWXbbuOfjsK9F1nWrEqooDwyWnih5SNdonjhQSp27zUqYh7UrxIRnkCyFCA=="],

    "@preact/signals-core": ["@preact/signals-core@1.14.0", "", {}, "sha512-AowtCcCU/33lFlh1zRFf/u+12rfrhtNakj7UpaGEsmMwUKpKWMVvcktOGcwBBNiB4lWrZWc01LhiyyzVklJyaQ=="],

    "@types/bun": ["@types/bun@1.3.6", "", { "dependencies": { "bun-types": "1.3.6" } }, "sha512-uWCv6FO/8LcpREhenN1d1b6fcspAB+cefwD7uti8C8VffIv0Um08TKMn98FynpTiU38+y2dUO55T11NgDt8VAA=="],

    "@types/node": ["@types/node@25.0.10", "", { "dependencies": { "undici-types": "~7.16.0" } }, "sha512-zWW5KPngR/yvakJgGOmZ5vTBemDoSqF3AcV/LrO5u5wTWyEAVVh+IT39G4gtyAkh3CtTZs8aX/yRM82OfzHJRg=="],

    "bun-types": ["bun-types@1.3.6", "", { "dependencies": { "@types/node": "*" } }, "sha512-OlFwHcnNV99r//9v5IIOgQ9Uk37gZqrNMCcqEaExdkVq3Avwqok1bJFmvGMCkCE0FqzdY8VMOZpfpR3lwI+CsQ=="],

    "fflate": ["fflate@0.8.2", "", {}, "sha512-cPJU47OaAoCbg0pBvzsgpTPhmhqI5eJjh/JIu8tPj5q+T7iLvW/JAYUqmE7KOB4R1ZyEhzBaIQpQpardBF5z8A=="],

    "kitten-tts-webgpu": ["kitten-tts-webgpu@0.1.1", "", { "dependencies": { "phonemizer": "^1.2.1" } }, "sha512-81x8hMUdFZtG/Pw/YUNBcVCPkfMbnMmPcfHT7WB+ysIx1QbKm91WNeSDYGPqDhbJgBE9jq0ovTyiH3leCXf3FA=="],

    "lucide-preact": ["lucide-preact@0.577.0", "", { "peerDependencies": { "preact": "^10.27.2" } }, "sha512-fCY59YQ2OMYWqE1V7k8HwfXyiBMHAfTI1roCOasdc+Cekya7BIObSJ/cil+tVMSbU6siv4uZlaz5twAGmkYqIQ=="],

    "node-readable-to-web-readable-stream": ["node-readable-to-web-readable-stream@0.4.2", "", {}, "sha512-/cMZNI34v//jUTrI+UIo4ieHAB5EZRY/+7OmXZgBxaWBMcW2tGdceIw06RFxWxrKZ5Jp3sI2i5TsRo+CBhtVLQ=="],

    "pdfjs-dist": ["pdfjs-dist@5.5.207", "", { "optionalDependencies": { "@napi-rs/canvas": "^0.1.95", "node-readable-to-web-readable-stream": "^0.4.2" } }, "sha512-WMqqw06w1vUt9ZfT0gOFhMf3wHsWhaCrxGrckGs5Cci6ybDW87IvPaOd2pnBwT6BJuP/CzXDZxjFgmSULLdsdw=="],

    "phonemizer": ["phonemizer@1.2.1", "", {}, "sha512-v0KJ4mi2T4Q7eJQ0W15Xd4G9k4kICSXE8bpDeJ8jisL4RyJhNWsweKTOi88QXFc4r4LZlz5jVL5lCHhkpdT71A=="],

    "preact": ["preact@10.28.4", "", {}, "sha512-uKFfOHWuSNpRFVTnljsCluEFq57OKT+0QdOiQo8XWnQ/pSvg7OpX5eNOejELXJMWy+BwM2nobz0FkvzmnpCNsQ=="],

    "signals-devtool-provider": ["signals-devtool-provider@0.5.4", "", {}, "sha512-lEbIsp+cMSIlNWBHEN9wvAkxiB7PJ0TwS5jG8bJKcvTUjgY8qJmHlKorsuS25XK4HhZq9A2o2TK3OowHvLsYHA=="],

    "undici-types": ["undici-types@7.16.0", "", {}, "sha512-Zz+aZWSj8LE6zoxD+xrjh4VfkIG8Ya6LvYkZqtUQGJPZjYl53ypCaUwWqo7eI0x66KBGeRo+mlBEkMSeSZ38Nw=="],
  }
}
