{
  "lockfileVersion": 1,
  "configVersion": 1,
  "workspaces": {
    "": {
      "name": "bun-react-template",
      "dependencies": {
        "@preact/signals": "^2.9.2",
        "fflate": "^0.8.3",
        "lucide-preact": "^1.23.0",
        "paddleocr-webgpu": "^1.4.0",
        "phonemizer": "^1.2.1",
        "preact": "^10.29.4",
      },
      "devDependencies": {
        "@types/bun": "latest",
        "signals-devtool-provider": "^0.5.4",
      },
    },
  },
  "packages": {
    "@preact/signals": ["@preact/signals@2.9.2", "", { "dependencies": { "@preact/signals-core": "^1.14.3" }, "peerDependencies": { "preact": ">= 10.25.0 || >=11.0.0-0" } }, "sha512-DvFPISNMSh3vPqRwPa1tAVAHl85aDq4pTyNu1bTGfrKr64F3EOCHjdUl9aUdohKBf1v9PRGLYuGFcJpfztkdoQ=="],

    "@preact/signals-core": ["@preact/signals-core@1.14.3", "", {}, "sha512-m0K3vnbSLC5rHs2ZVfeAMvBtT1zIyq4mxx5OlNncSgMj5Iz6W5Rn3kPrDxAC+iIKmiVe0lSl6U37t5ZkEWoVAw=="],

    "@types/bun": ["@types/bun@1.3.6", "", { "dependencies": { "bun-types": "1.3.6" } }, "sha512-uWCv6FO/8LcpREhenN1d1b6fcspAB+cefwD7uti8C8VffIv0Um08TKMn98FynpTiU38+y2dUO55T11NgDt8VAA=="],

    "@types/node": ["@types/node@25.0.10", "", { "dependencies": { "undici-types": "~7.16.0" } }, "sha512-zWW5KPngR/yvakJgGOmZ5vTBemDoSqF3AcV/LrO5u5wTWyEAVVh+IT39G4gtyAkh3CtTZs8aX/yRM82OfzHJRg=="],

    "bun-types": ["bun-types@1.3.6", "", { "dependencies": { "@types/node": "*" } }, "sha512-OlFwHcnNV99r//9v5IIOgQ9Uk37gZqrNMCcqEaExdkVq3Avwqok1bJFmvGMCkCE0FqzdY8VMOZpfpR3lwI+CsQ=="],

    "fflate": ["fflate@0.8.3", "", {}, "sha512-tbZNuJrLwGUp3zshBtdy4W+ORxZuIh8a5ilyIEQDC5rY1f3U20JMry0Ll3WBzU58EZKsEuJFXhb5gwv8CsPvgA=="],

    "lucide-preact": ["lucide-preact@1.23.0", "", { "peerDependencies": { "preact": "^10.27.2" } }, "sha512-ZDINEQoKiAOmYoOIFR7EzjCg5U1HMYqZndsIRKVHCgCfszCLqkj8bbfMv10NuhPcv8ngxaz/L/ldTy7y9OE0nw=="],

    "paddleocr-webgpu": ["paddleocr-webgpu@1.4.0", "", {}, "sha512-wR7Ij22jyn4KEepC2StbSAIEMbkOdFArXVchpGAjZST5Qf9QRI5Y/0Fg0oeyWf6DbajFuksScIPOUQ/0HAVYxw=="],

    "phonemizer": ["phonemizer@1.2.1", "", {}, "sha512-v0KJ4mi2T4Q7eJQ0W15Xd4G9k4kICSXE8bpDeJ8jisL4RyJhNWsweKTOi88QXFc4r4LZlz5jVL5lCHhkpdT71A=="],

    "preact": ["preact@10.29.4", "", {}, "sha512-GMpwh9+NJ8tSmqwIaVyFRQkiKfBEzQ+k7r7tle4W+kaJ+7wJiB9hFz9BixAomMtenPPSBfM4bZhXozGxhf0uFQ=="],

    "signals-devtool-provider": ["signals-devtool-provider@0.5.4", "", {}, "sha512-lEbIsp+cMSIlNWBHEN9wvAkxiB7PJ0TwS5jG8bJKcvTUjgY8qJmHlKorsuS25XK4HhZq9A2o2TK3OowHvLsYHA=="],

    "undici-types": ["undici-types@7.16.0", "", {}, "sha512-Zz+aZWSj8LE6zoxD+xrjh4VfkIG8Ya6LvYkZqtUQGJPZjYl53ypCaUwWqo7eI0x66KBGeRo+mlBEkMSeSZ38Nw=="],
  }
}
