{
  "lockfileVersion": 1,
  "configVersion": 1,
  "workspaces": {
    "": {
      "name": "bun-react-template",
      "dependencies": {
        "@preact/signals": "^2.9.0",
        "fflate": "^0.8.3",
        "kitten-tts-webgpu": "^0.1.1",
        "lucide-preact": "^1.16.0",
        "pdfjs-dist": "^5.7.284",
        "preact": "^10.29.2",
      },
      "devDependencies": {
        "@types/bun": "latest",
        "signals-devtool-provider": "^0.5.4",
      },
    },
  },
  "packages": {
    "@napi-rs/canvas": ["@napi-rs/canvas@0.1.100", "", { "optionalDependencies": { "@napi-rs/canvas-android-arm64": "0.1.100", "@napi-rs/canvas-darwin-arm64": "0.1.100", "@napi-rs/canvas-darwin-x64": "0.1.100", "@napi-rs/canvas-linux-arm-gnueabihf": "0.1.100", "@napi-rs/canvas-linux-arm64-gnu": "0.1.100", "@napi-rs/canvas-linux-arm64-musl": "0.1.100", "@napi-rs/canvas-linux-riscv64-gnu": "0.1.100", "@napi-rs/canvas-linux-x64-gnu": "0.1.100", "@napi-rs/canvas-linux-x64-musl": "0.1.100", "@napi-rs/canvas-win32-arm64-msvc": "0.1.100", "@napi-rs/canvas-win32-x64-msvc": "0.1.100" } }, "sha512-xglYA6q3XO5P3BNJYxVZ1IV7DLVjp1Py6nwag88YntrS+3vKHyYcMqXVS4ZztJmwz2uGvz1FWhI/4LgbR5uQDA=="],

    "@napi-rs/canvas-android-arm64": ["@napi-rs/canvas-android-arm64@0.1.100", "", { "os": "android", "cpu": "arm64" }, "sha512-hjhCKhntPv9+t4ckHymdx0phYNcVW+GKQR6Lzw2zE+pOVjOplSmtx9nNNknTjbEDLcuLZqA1y8ufKg1XfgftzQ=="],

    "@napi-rs/canvas-darwin-arm64": ["@napi-rs/canvas-darwin-arm64@0.1.100", "", { "os": "darwin", "cpu": "arm64" }, "sha512-2PcswRaC7Ly645DGt88///zuFDhJxJYdKAs1uU3mfk1atYkXufgcgLfBpk6Tm12nCQBaNt1wpybuPZ4qOhTo8A=="],

    "@napi-rs/canvas-darwin-x64": ["@napi-rs/canvas-darwin-x64@0.1.100", "", { "os": "darwin", "cpu": "x64" }, "sha512-ePNZtj7pNIva/siZMg+HmbeozkIjqUIYdoymH8HaA3qK7LfzFN4WMBM8G6HQ9ZC+H3+Dnn5pqtiXpgLykaPOhw=="],

    "@napi-rs/canvas-linux-arm-gnueabihf": ["@napi-rs/canvas-linux-arm-gnueabihf@0.1.100", "", { "os": "linux", "cpu": "arm" }, "sha512-d5cDB48oWFGU8/XPhUOFAlySgb/VAu7D+s8fi55K1Pcfg8aPplHWqMgibhVLU8ky7Pyg/fuiVLz4Nf3JrSTuUA=="],

    "@napi-rs/canvas-linux-arm64-gnu": ["@napi-rs/canvas-linux-arm64-gnu@0.1.100", "", { "os": "linux", "cpu": "arm64" }, "sha512-rDxgxRu69RvDlX/bh9o22DxLsGr8EqsNgotL9+RwQE1S0b0cqeatqsw6aW45mukm0B42DIAaAacKaYQ8cqS1nw=="],

    "@napi-rs/canvas-linux-arm64-musl": ["@napi-rs/canvas-linux-arm64-musl@0.1.100", "", { "os": "linux", "cpu": "arm64" }, "sha512-K3mDW66N+xT2/V439u1alFANiBUjdEx2gLiNYnCmUsva5jZMxWTjafBYwTzYK+EMFMHrUoabuU+T1BIP5CgbYQ=="],

    "@napi-rs/canvas-linux-riscv64-gnu": ["@napi-rs/canvas-linux-riscv64-gnu@0.1.100", "", { "os": "linux", "cpu": "none" }, "sha512-mooqUBTIsccZpnoQC4NgrC1v6C1vof39etLNMnBwCY+p0gajWJvAHLGQ6g/gGyS5YrpDW+GefSN4+Cvcr08UWw=="],

    "@napi-rs/canvas-linux-x64-gnu": ["@napi-rs/canvas-linux-x64-gnu@0.1.100", "", { "os": "linux", "cpu": "x64" }, "sha512-1eCvkDCazm7FFhsT7DfGOdSaHgZVK3bt/dSBl5EWHOWmnz+I7j8tPseJqqD81NF+MH21jKUK4wQSDjN0mdhnTg=="],

    "@napi-rs/canvas-linux-x64-musl": ["@napi-rs/canvas-linux-x64-musl@0.1.100", "", { "os": "linux", "cpu": "x64" }, "sha512-20arT6lnI19S68qNlii73TSEDbECNgzMz2EpldC1V3mZFuRkeujXkcebRk0LRJe9SEUAooYiLokfMViY8IX7yA=="],

    "@napi-rs/canvas-win32-arm64-msvc": ["@napi-rs/canvas-win32-arm64-msvc@0.1.100", "", { "os": "win32", "cpu": "arm64" }, "sha512-DZFFT1wIAg37LJw37yhMRFfjATd3vTQzjZ1Yki8u2vhO6Hi5VE6BVaGQ1aaDu7xb4iMErz+9EOwjpS7xcxFeBw=="],

    "@napi-rs/canvas-win32-x64-msvc": ["@napi-rs/canvas-win32-x64-msvc@0.1.100", "", { "os": "win32", "cpu": "x64" }, "sha512-MyT1j3mHC2+Lu4pBi9mKyMJhtP6U7k7EldY7sj/uS5gJA65gTXt8MefJQXLJo5d/vZbuWmfxzkEUNc/urV3pHA=="],

    "@preact/signals": ["@preact/signals@2.9.0", "", { "dependencies": { "@preact/signals-core": "^1.14.0" }, "peerDependencies": { "preact": ">= 10.25.0 || >=11.0.0-0" } }, "sha512-hYrY0KyUqkDgOl1qba/JGn6y81pXnurn21PMaxfcMwdncdZ3M/oVdmpTvEnsGjh48dIwDVc7bjWHqIsngSjYug=="],

    "@preact/signals-core": ["@preact/signals-core@1.14.0", "", {}, "sha512-AowtCcCU/33lFlh1zRFf/u+12rfrhtNakj7UpaGEsmMwUKpKWMVvcktOGcwBBNiB4lWrZWc01LhiyyzVklJyaQ=="],

    "@types/bun": ["@types/bun@1.3.6", "", { "dependencies": { "bun-types": "1.3.6" } }, "sha512-uWCv6FO/8LcpREhenN1d1b6fcspAB+cefwD7uti8C8VffIv0Um08TKMn98FynpTiU38+y2dUO55T11NgDt8VAA=="],

    "@types/node": ["@types/node@25.0.10", "", { "dependencies": { "undici-types": "~7.16.0" } }, "sha512-zWW5KPngR/yvakJgGOmZ5vTBemDoSqF3AcV/LrO5u5wTWyEAVVh+IT39G4gtyAkh3CtTZs8aX/yRM82OfzHJRg=="],

    "bun-types": ["bun-types@1.3.6", "", { "dependencies": { "@types/node": "*" } }, "sha512-OlFwHcnNV99r//9v5IIOgQ9Uk37gZqrNMCcqEaExdkVq3Avwqok1bJFmvGMCkCE0FqzdY8VMOZpfpR3lwI+CsQ=="],

    "fflate": ["fflate@0.8.3", "", {}, "sha512-tbZNuJrLwGUp3zshBtdy4W+ORxZuIh8a5ilyIEQDC5rY1f3U20JMry0Ll3WBzU58EZKsEuJFXhb5gwv8CsPvgA=="],

    "kitten-tts-webgpu": ["kitten-tts-webgpu@0.1.1", "", { "dependencies": { "phonemizer": "^1.2.1" } }, "sha512-81x8hMUdFZtG/Pw/YUNBcVCPkfMbnMmPcfHT7WB+ysIx1QbKm91WNeSDYGPqDhbJgBE9jq0ovTyiH3leCXf3FA=="],

    "lucide-preact": ["lucide-preact@1.16.0", "", { "peerDependencies": { "preact": "^10.27.2" } }, "sha512-Sa1XSig6iWCFhdrqS+vT1EFJH4Yos2Q7H/EMawql1K+D9qjNRzjMutPySak0iMYto6PneHYAWoxnDBBlryjngw=="],

    "pdfjs-dist": ["pdfjs-dist@5.7.284", "", { "optionalDependencies": { "@napi-rs/canvas": "^0.1.100" } }, "sha512-h4EdYQczmGhbOlqc3PPZwxevn7ApdWPbovAuWXOB/DjIyigSnwfy2oze7c6mRcSr9XgLp3eN3EeL4DyySTPMFw=="],

    "phonemizer": ["phonemizer@1.2.1", "", {}, "sha512-v0KJ4mi2T4Q7eJQ0W15Xd4G9k4kICSXE8bpDeJ8jisL4RyJhNWsweKTOi88QXFc4r4LZlz5jVL5lCHhkpdT71A=="],

    "preact": ["preact@10.29.2", "", {}, "sha512-7tNmwg/7mzzAoB/8kSg6Hl37JraAZw3Z3A0JSY7VXlZwo82Xn0G7wKbNNs2qoF4ZEEsQGTwDAroNdqKs1ofJxQ=="],

    "signals-devtool-provider": ["signals-devtool-provider@0.5.4", "", {}, "sha512-lEbIsp+cMSIlNWBHEN9wvAkxiB7PJ0TwS5jG8bJKcvTUjgY8qJmHlKorsuS25XK4HhZq9A2o2TK3OowHvLsYHA=="],

    "undici-types": ["undici-types@7.16.0", "", {}, "sha512-Zz+aZWSj8LE6zoxD+xrjh4VfkIG8Ya6LvYkZqtUQGJPZjYl53ypCaUwWqo7eI0x66KBGeRo+mlBEkMSeSZ38Nw=="],
  }
}
