{
  "originHash" : "cdabf85d99c123d627bf0769d4da4cfc50f455ccdfa9664e32491dcd35c46b3e",
  "pins" : [
    {
      "identity" : "numkong",
      "kind" : "remoteSourceControl",
      "location" : "https://github.com/ashvardanian/NumKong",
      "state" : {
        "revision" : "42c6245e6b2bf78d3377eda20eff8da506c3d5b0",
        "version" : "7.8.3"
      }
    },
    {
      "identity" : "usearch",
      "kind" : "remoteSourceControl",
      "location" : "https://github.com/unum-cloud/USearch",
      "state" : {
        "revision" : "f91fe5bc000222aa1af6e91daf78c2bb20b0c90e",
        "version" : "2.26.2"
      }
    }
  ],
  "version" : 3
}
